
Microsoft Visual Studio Solution File, Format Version 12.00
# Visual Studio Version 17
VisualStudioVersion = 17.2.32616.157
MinimumVisualStudioVersion = 10.0.40219.1
Project("{FAE04EC0-301F-11D3-BF4B-00C04F79EFBC}") = "Movies", "Movies\Movies.csproj", "{0129A3E6-4472-46B4-A4A6-760C35606A81}"
EndProject
Global
	GlobalSection(SolutionConfigurationPlatforms) = preSolution
		Debug|Any CPU = Debug|Any CPU
		Release|Any CPU = Release|Any CPU
	EndGlobalSection
	GlobalSection(ProjectConfigurationPlatforms) = postSolution
		{0129A3E6-4472-46B4-A4A6-760C35606A81}.Debug|Any CPU.ActiveCfg = Debug|Any CPU
		{0129A3E6-4472-46B4-A4A6-760C35606A81}.Debug|Any CPU.Build.0 = Debug|Any CPU
		{0129A3E6-4472-46B4-A4A6-760C35606A81}.Release|Any CPU.ActiveCfg = Release|Any CPU
		{0129A3E6-4472-46B4-A4A6-760C35606A81}.Release|Any CPU.Build.0 = Release|Any CPU
	EndGlobalSection
	GlobalSection(SolutionProperties) = preSolution
		HideSolutionNode = FALSE
	EndGlobalSection
	GlobalSection(ExtensibilityGlobals) = postSolution
		SolutionGuid = {825A63B9-4F54-4AC7-9B61-D39281CC1DED}
	EndGlobalSection
EndGlobal
